Package: adduser
Architecture: all
Version: 3.113+nmu3ubuntu4
Replaces: manpages-it (<< 0.3.4-2), manpages-pl (<= 20051117-1)
Depends: perl-base (>= 5.6.0), passwd (>= 1:4.1.5.1-1.1ubuntu6), debconf | debconf-2.0
Filename: pool/main/a/adduser/adduser_3.113+nmu3ubuntu4_all.deb
MD5sum: 36f79d952ced9bde3359b63cf9cf44fb
SHA1: 6a5b8f58e33d5c9a25f79c6da80a64bf104e6268
SHA256: ca6c86cb229082cc22874ed320eac8d128cc91f086fe5687946e7d05758516a3
Multi-Arch: foreign

Package: base-files
Architecture: armhf
Version: 9.4ubuntu4
Replaces: base, dpkg (<= 1.15.0), miscutils
Provides: base
Pre-Depends: awk
Breaks: initscripts (<< 2.88dsf-13.3), sendfile (<< 2.1b.20080616-5.2~)
Filename: pool/main/b/base-files/base-files_9.4ubuntu4_armhf.deb
MD5sum: 61aa924a73c70703ccf6dd47b293a817
SHA1: de44e3b84a69d06050f0c9f24e68402e297b6543
SHA256: e928fd9d4f25cf71ab824e2de20d932c5b0f10c38de6211df0dbc4c83c163f59
Multi-Arch: foreign

Package: base-passwd
Architecture: armhf
Version: 3.5.39
Replaces: base
Depends: libc6 (>= 2.8), libdebconfclient0 (>= 0.145)
Filename: pool/main/b/base-passwd/base-passwd_3.5.39_armhf.deb
MD5sum: 1027065ed63d2929216b0b8f51e989c6
SHA1: 7a9f294ec519f81d5069926d218786f7048def8f
SHA256: 7ea941a2bc356dc463c31eac6d97b95c271355cddacb26008798deb2abacb9f2
Multi-Arch: foreign

Package: bash
Architecture: armhf
Version: 4.3-14ubuntu1
Replaces: bash-completion (<< 20060301-0), bash-doc (<= 2.05-1)
Depends: base-files (>= 2.1.12), debianutils (>= 2.15)
Pre-Depends: dash (>= 0.5.5.1-2.2), libc6 (>= 2.15), libtinfo5
Conflicts: bash-completion (<< 20060301-0)
Filename: pool/main/b/bash/bash_4.3-14ubuntu1_armhf.deb
MD5sum: 0c5c4bab2c28a92b565dd75587c8b9f3
SHA1: 2ee19cc645ee540bc4056675b2a8cf378c400aa9
SHA256: 3d32c92dbea5946d2c167eda0124fbb3f3a7ff66cfbf46b93b8ab97e41c7348c
Multi-Arch: foreign

Package: bsdutils
Architecture: armhf
Version: 1:2.27.1-6ubuntu3
Replaces: bash-completion (<< 1:2.1-4.1~)
Pre-Depends: libc6 (>= 2.16), libsystemd0
Breaks: bash-completion (<< 1:2.1-4.1~)
Filename: pool/main/u/util-linux/bsdutils_2.27.1-6ubuntu3_armhf.deb
MD5sum: 8e992476d389c6fbaf5a577f9b876128
SHA1: ffb4e618d3f0ca4d54b0e948ba4ca841e217194f
SHA256: b28fea6f5a2239edc9a84bc9f2036359ff0d37f25ad77530ed7c1b4fb6b1a43f
Multi-Arch: foreign

Package: coreutils
Architecture: armhf
Version: 8.25-2ubuntu2
Replaces: mktemp, realpath, timeout
Pre-Depends: libacl1 (>= 2.2.51-8), libattr1 (>= 1:2.4.46-8), libc6 (>= 2.17), libselinux1 (>= 2.1.13)
Conflicts: timeout
Filename: pool/main/c/coreutils/coreutils_8.25-2ubuntu2_armhf.deb
MD5sum: 20f38cd0087888833c2a3a7ad86f0e67
SHA1: 890b75358d13d4a8d5e641c1e5250b8b933f5134
SHA256: bd286a2bcaaafd7e1f4e65ff91a2499d2c6d9fab72d6d58147eacfb7075d1e28
Multi-Arch: foreign

Package: dash
Architecture: armhf
Version: 0.5.8-2.1ubuntu2
Depends: debianutils (>= 2.15), dpkg (>= 1.15.0)
Pre-Depends: libc6 (>= 2.11)
Filename: pool/main/d/dash/dash_0.5.8-2.1ubuntu2_armhf.deb
MD5sum: d80ffdb5cbdd47e98191c6c021557060
SHA1: e68ae50ed48209cbd212bec8414b8720640aaf52
SHA256: e94ad3ff49dffc2826d5b6010770fe0c67dbad740fb7d9aef831294496ac0acb

Package: debconf
Architecture: all
Version: 1.5.58ubuntu1
Replaces: debconf-tiny
Provides: debconf-2.0
Pre-Depends: perl-base (>= 5.6.1-4)
Conflicts: apt (<< 0.3.12.1), cdebconf (<< 0.96), debconf-tiny, debconf-utils (<< 1.3.22), dialog (<< 0.9b-20020814-1), menu (<= 2.1.3-1), whiptail (<< 0.51.4-11), whiptail-utf8 (<= 0.50.17-13)
Filename: pool/main/d/debconf/debconf_1.5.58ubuntu1_all.deb
MD5sum: 0cd4b75b7a410fcd5c02d3c8dcfca632
SHA1: d64dae033d71495c1f8dc43bcd476702b829a119
SHA256: d97962e9a9caa1d83152dbb7103f1dd8c63d186bc0aaf9c2079d819b04acfd4a
Multi-Arch: foreign

Package: debianutils
Architecture: armhf
Version: 4.7
Replaces: manpages-pl (<< 1:0.5)
Depends: sensible-utils
Pre-Depends: libc6 (>= 2.15)
Filename: pool/main/d/debianutils/debianutils_4.7_armhf.deb
MD5sum: c73877be8c7585c13472aed6fae42052
SHA1: 4000aa53175dcaa30626858be3e1e15e0d6f9302
SHA256: 5cea7b85b7f4a15a0395657667af0010dd54e7f3ebe3a3f6675b1eac49a55947
Multi-Arch: foreign

Package: diffutils
Architecture: armhf
Version: 1:3.3-3
Replaces: diff
Pre-Depends: libc6 (>= 2.17)
Filename: pool/main/d/diffutils/diffutils_3.3-3_armhf.deb
MD5sum: 7715d0b3c394f402a8a488ea3f11124e
SHA1: 338aac7f6027dec5b7a7b3911e2fe6c8da384866
SHA256: b222169c53204c7ea427356a7a58025e607773adc05a2d2a7bd0acddb7e98d5a

Package: dpkg
Architecture: armhf
Version: 1.18.4ubuntu1
Replaces: manpages-it (<< 2.80-4)
Pre-Depends: libbz2-1.0, libc6 (>= 2.11), liblzma5 (>= 5.1.1alpha+20120614), libselinux1 (>= 2.3), zlib1g (>= 1:1.1.4), tar (>= 1.23)
Conflicts: ada-reference-manual (<< 20021112web-4~), asn1-mode (<< 2.7-7~), bogosort (<< 0.4.2-3~), cl-yacc (<< 0.3-3~), cpp-4.1-doc (<< 4.1.2.nf2-4~), cpp-4.2-doc (<< 4.2.4.nf1-4~), gcc-4.1-doc (<< 4.1.2.nf2-4~), gcc-4.2-doc (<< 4.2.4.nf1-4~), gcj-4.1-doc (<< 4.1.2.nf2-4~), gcj-4.2-doc (<< 4.2.4.nf1-4~), gfortran-4.1-doc (<< 4.1.2.nf2-4~), gfortran-4.2-doc (<< 4.2.4.nf1-4~), ggz-docs (<< 0.0.14.1-2~), glame (<< 2.0.1-6~), gnat-4.1-doc (<< 4.1.2.nf2-4~), gnat-4.2-doc (<< 4.2.4.nf1-4~), gtalk (<< 0.99.10-16~), libalogg-dev (<< 1.3.7-2~), libgtk1.2-doc (<< 1.2.10-19~), libnettle-dev (<< 2~), liborbit-dev (<< 0.5.17-12~), libreadline5-dev (<< 5.2-8~), librep-doc (<< 0.90~), mmucl (<< 1.5.2-3~), nxml-mode (<< 20041004-9~), octave3.0-info (<< 1:3.0.5-7+rm), octave3.2-info (<< 3.2.4-12+rm), polgen-doc (<< 1.3-3+rm), r6rs-doc (<< 1.0-2~), serveez-doc (<< 0.1.5-3~), slat (<< 2.0-6~), texlive-base-bin-doc (<< 2007.dfsg.2-9~), ttcn-el (<< 0.6.9-2~), ulog-acctd (<< 0.4.3-3~), xconq-doc (<< 7.4.1-5~), zenirc (<< 2.112.dfsg-1~)
Breaks: apt (<< 0.7.7~), apt-cudf (<< 3.3~beta1-3~), aptitude (<< 0.4.7-1~), auctex (<< 11.87-3+deb8u1~), ccache (<< 3.1.10-1~), cups (<< 1.7.5-10~), dbus (<< 1.8.12-1ubuntu6~), debian-security-support (<< 2014.10.26~), distcc (<< 3.1-6.1~), doc-base (<< 0.10.5~), dpkg-dev (<< 1.15.8), fontconfig (<< 2.11.1-0ubuntu5~), fusionforge-plugin-mediawiki (<< 5.3.2+20141104-3~), gap-core (<< 4r7p5-2~), gitweb (<< 1:2.1.4-2.1~), grace (<< 1:5.1.24-3~), gxine (<< 0.5.908-3.1~), hoogle (<< 4.2.33-4~), icecc (<< 1.0.1-2~), install-info (<< 5.1.dfsg.1-3~), libapache2-mod-php5 (<< 5.6.4+dfsg-3~), libapache2-mod-php5filter (<< 5.6.4+dfsg-3~), libdpkg-perl (<< 1.15.8), libjs-protoaculous (<< 5~), man-db (<< 2.6.3-6~), mcollective (<< 2.6.0+dfsg-2.1~), php5-fpm (<< 5.6.4+dfsg-3~), pypy (<< 2.4.0+dfsg-3~), readahead-fedora (<< 2:1.5.6-5.2~), software-center (<< 13.10-0ubuntu9~), ureadahead (<< 0.100.0-17~), wordpress (<< 4.1+dfsg-1~), xfonts-traditional (<< 1.7~), xine-ui (<< 0.99.9-1.2~)
Filename: pool/main/d/dpkg/dpkg_1.18.4ubuntu1_armhf.deb
MD5sum: 257d62c70afe25e78fe173675a653c5b
SHA1: a275941e8869cab765a8434ca7270012bc964ecd
SHA256: 783960b1c2f03ba08218c8ac30fb25677a339e768862ab58e9325b7477a9392e
Multi-Arch: foreign

Package: e2fslibs
Architecture: armhf
Version: 1.42.13-1ubuntu1
Replaces: e2fsprogs (<< 1.34-1)
Provides: libe2p2, libext2fs2
Depends: libc6 (>= 2.17)
Filename: pool/main/e/e2fsprogs/e2fslibs_1.42.13-1ubuntu1_armhf.deb
MD5sum: e6ec9784b403564bf887e5d9b460e6b7
SHA1: 2e9dbbf47a83eaab941735189916b397913744a9
SHA256: c8a75ba96e4373d772ac88a6c61609a4e617c15b4268072bf7ce6ce3627fefd6
Multi-Arch: same

Package: e2fsprogs
Architecture: armhf
Version: 1.42.13-1ubuntu1
Replaces: hurd (<= 20040301-1), libblkid1 (<< 1.38+1.39-WIP-2005.12.10-2), libuuid1 (<< 1.38+1.39-WIP-2005.12.10-2)
Pre-Depends: e2fslibs (= 1.42.13-1ubuntu1), libblkid1 (>= 2.17.2), libc6 (>= 2.11), libcomerr2 (>= 1.42~WIP-2011-10-05-1), libss2 (>= 1.34-1), libuuid1 (>= 2.16), util-linux (>= 2.15~rc1-1)
Conflicts: dump (<< 0.4b4-4), initscripts (<< 2.85-4), quota (<< 1.55-8.1), sysvinit (<< 2.85-4)
Filename: pool/main/e/e2fsprogs/e2fsprogs_1.42.13-1ubuntu1_armhf.deb
MD5sum: 9f18778cdd5e1460c3de653883ead33d
SHA1: c49b2e03196f00faa539da771413747bd3efd22c
SHA256: 5893dd14f490e4228b5fc1e428c5de04f943de16c66e19d657ce461dc07e1ae5
Multi-Arch: foreign

Package: findutils
Architecture: armhf
Version: 4.6.0+git+20160126-2
Pre-Depends: libc6 (>= 2.17), libselinux1 (>= 1.32)
Conflicts: debconf (<< 1.5.50)
Breaks: binstats (<< 1.08-8.1), debhelper (<< 9.20130504), guilt (<< 0.36-0.2), kernel-package (<< 13.000), libpython3.4-minimal (<< 3.4.4-2), libpython3.5-minimal (<< 3.5.1-3), lsat (<< 0.9.7.1-2.1), mc (<< 3:4.8.11-1), sendmail (<< 8.14.4-5), switchconf (<< 0.0.9-2.1)
Filename: pool/main/f/findutils/findutils_4.6.0+git+20160126-2_armhf.deb
MD5sum: 7d3a8eb571d3152121556a160786053c
SHA1: 2fc2975891166de0c9302ae84aebb9f70de6adbd
SHA256: 32019a8c294bc32daa92a784f623c02a58febab150529659b6cfa373762ee5ce
Multi-Arch: foreign

Package: gcc-6-base
Architecture: armhf
Version: 6.0.1-0ubuntu1
Breaks: gcc-4.4-base (<< 4.4.7), gcc-4.7-base (<< 4.7.3), gcj-4.4-base (<< 4.4.6-9~), gcj-4.6-base (<< 4.6.1-4~), gnat-4.4-base (<< 4.4.6-3~), gnat-4.6 (<< 4.6.1-5~)
Filename: pool/main/g/gccgo-6/gcc-6-base_6.0.1-0ubuntu1_armhf.deb
MD5sum: bd1773187a62dcc65ccfe3a6d315a946
SHA1: d0ba6c33c80ceeb4d2864570879e9bd9ce0f608c
SHA256: 0b5be16ab83bc18d87cb0b42ba187d4bfac8f0f27ce4d1d97b99e8d1a2def071
Multi-Arch: same

Package: grep
Architecture: armhf
Version: 2.24-1
Provides: rgrep
Depends: dpkg (>= 1.15.4) | install-info
Pre-Depends: libc6 (>= 2.4), libpcre3
Conflicts: rgrep
Filename: pool/main/g/grep/grep_2.24-1_armhf.deb
MD5sum: a21a8007b3b5fab14c169fb0dd152b2b
SHA1: d2ed47c524752eaebeb559e02236dd5c9eb3ab38
SHA256: 247565dffe94aed861923e43a9527764ad677cafa9b0204c1ea8ae62462249a9
Multi-Arch: foreign

Package: gzip
Architecture: armhf
Version: 1.6-4ubuntu1
Depends: dpkg (>= 1.15.4) | install-info
Pre-Depends: libc6 (>= 2.17)
Filename: pool/main/g/gzip/gzip_1.6-4ubuntu1_armhf.deb
MD5sum: 00591d91c3dbcd9b5a4e9893bfdca58b
SHA1: 82fc2eff6d7220eab562012c2f06ddcba96132ba
SHA256: e36ea58d1ee716b2d8d374b57329b768a5fa2b21d78f2fc3809a7ffc3f9de1e6

Package: hostname
Architecture: armhf
Version: 3.16ubuntu2
Replaces: nis (<< 3.17-30)
Pre-Depends: libc6 (>= 2.4), lsb-base (>= 4.1+Debian11ubuntu7)
Breaks: nis (<< 3.17-30)
Filename: pool/main/h/hostname/hostname_3.16ubuntu2_armhf.deb
MD5sum: 2006cda687550020c620675dcd8c96c8
SHA1: d6b5a041db4049a1872009224304db1ad86349d4
SHA256: 8649d1d2d8b51fc1ec8cc503f0a6c0ee01634800a9f095509cd4384adad22427

Package: init
Architecture: armhf
Version: 1.29ubuntu1
Depends: init-system-helpers
Pre-Depends: systemd-sysv | upstart-sysv
Filename: pool/main/i/init-system-helpers/init_1.29ubuntu1_armhf.deb
MD5sum: 37da1e50032e26f3833239faa698866e
SHA1: 5b3ccdf8c04ec3e17eb2bee4371471de219bece0
SHA256: 331981819d634fc074979b99f320c627764a88c392afb42a38ebfeb1f078ff71
Multi-Arch: foreign

Package: init-system-helpers
Architecture: all
Version: 1.29ubuntu1
Replaces: sysv-rc (<< 2.88dsf-59.3~), sysvinit-utils (<< 2.88dsf-59.3)
Depends: perl-base (>= 5.20.1-3)
Conflicts: file-rc (<< 0.8.17~), openrc (<= 0.18.3-1)
Breaks: systemd (<< 44-12), sysvinit-utils (<< 2.88dsf-59.3~)
Filename: pool/main/i/init-system-helpers/init-system-helpers_1.29ubuntu1_all.deb
MD5sum: 0ecd49225ab7265f2664a3d74637d208
SHA1: 70fd47ac3170cce51d12992dbbe07a4a214ca082
SHA256: 68d46232a9991130124388a58fd0fb06d36c3dfc42c1a12cc8973459312114fd
Multi-Arch: foreign

Package: initscripts
Architecture: armhf
Version: 2.88dsf-59.3ubuntu2
Replaces: libc0.1, libc0.3, libc6, libc6.1
Depends: debianutils (>= 4), lsb-base (>= 3.2-14), sysvinit-utils (>= 2.88dsf-50), sysv-rc | file-rc, coreutils (>= 5.93)
Conflicts: libdevmapper1.02.1 (<< 2:1.02.24-1)
Breaks: aide (<< 0.15.1-5), atm-tools (<< 1:2.5.1-1.3), autofs (<< 5.0.0), bootchart (<< 0.10~svn407-4), console-common (<< 0.7.86), console-setup (<< 1.74), cruft (<< 0.9.16), eepc-acpi-scripts (<< 1.1.12), fcheck (<< 2.7.59-16), hostapd (<< 1:0.7.3-3), hurd (<< 0.5.git20131101~), ifupdown (<< 0.7.46), libpam-mount (<< 2.13-1), live-build (<< 3.0~a26-1), ltsp-client-core (<< 5.2.16-1), mdadm (<< 3.2.2-1), nbd-client (<< 1:2.9.23-1), nfs-common (<< 1:1.2.5-3), portmap (<< 6.0.0-2), readahead-fedora (<< 2:1.5.6-3), resolvconf (<< 1.49), rpcbind (<< 0.2.0-7), rsyslog (<< 5.8.2-2), selinux-policy-default (<= 2:0.2.20100524-9), splashy (<< 0.3.13-5.1+b1), sysklogd (<< 1.5-6.2), systemd (<< 228-5ubuntu3), util-linux (<< 2.26.2-4~), wpasupplicant (<< 0.7.3-4), xymon (<< 4.3.0~beta2.dfsg-9)
Filename: pool/main/s/sysvinit/initscripts_2.88dsf-59.3ubuntu2_armhf.deb
MD5sum: 6b5fabdbeff28739ff15371f3878a05a
SHA1: 9a1d329457fb3d38991ba9a14cb02a6593797899
SHA256: d1554b21e77fe2bb767bc55f50d04b061b75b2ee5f8445779b99c0872b3e9082
Multi-Arch: foreign

Package: insserv
Architecture: armhf
Version: 1.14.0-5ubuntu3
Depends: libc6 (>= 2.7)
Breaks: sysv-rc (<< 2.87dsf-3)
Filename: pool/main/i/insserv/insserv_1.14.0-5ubuntu3_armhf.deb
MD5sum: 545379eef3cd04ea91160e9848b9a7d7
SHA1: 63754abc162a7267bf4ab345daf62c93ac490d9a
SHA256: 9c578f71a7d05949354311f65756988886100e8a6a579dce90dd48f7a6007287

Package: libacl1
Architecture: armhf
Version: 2.2.52-3
Depends: libattr1 (>= 1:2.4.46-8), libc6 (>= 2.4)
Conflicts: acl (<< 2.0.0), libacl1-kerberos4kth
Filename: pool/main/a/acl/libacl1_2.2.52-3_armhf.deb
MD5sum: 703bd54ca2e16fb8d0e9908bf4269800
SHA1: a644dd3a5a8d2d638eed4c62e01baee5ff528b9e
SHA256: 64b6aa7c70cc71a829a41e6ab5479c54dcdef06065ac4a6d57bc1c43e6a2e946
Multi-Arch: same

Package: libapparmor1
Architecture: armhf
Version: 2.10.95-0ubuntu2
Depends: libc6 (>= 2.17)
Filename: pool/main/a/apparmor/libapparmor1_2.10.95-0ubuntu2_armhf.deb
MD5sum: e48821fa9567a315fc17d6b1a7e660fe
SHA1: 1199f5dc1eafd6333e6a8ad889c7f053602a3c7d
SHA256: 87d1ac8c940f6657e6a41193fd54d9778fbfbf4d86ee6e0790410ef721a3f44c
Multi-Arch: same

Package: libattr1
Architecture: armhf
Version: 1:2.4.47-2
Depends: libc6 (>= 2.4)
Pre-Depends: multiarch-support
Conflicts: attr (<< 2.0.0)
Filename: pool/main/a/attr/libattr1_2.4.47-2_armhf.deb
MD5sum: 7bbf6b3a51ff56650f92aee6966c00b0
SHA1: ab1a7058e1cd1a96a85c6d1cfeb79ca71f1d282d
SHA256: d77f44bc767f182b2eddc11a90d7e7ca5b7b48daff29eec9a90d1e0c47f43ab0
Multi-Arch: same

Package: libaudit-common
Architecture: all
Version: 1:2.4.5-1ubuntu2
Replaces: libaudit0, libaudit1 (<< 1:2.2.1-2)
Breaks: libaudit0, libaudit1 (<< 1:2.2.1-2)
Filename: pool/main/a/audit/libaudit-common_2.4.5-1ubuntu2_all.deb
MD5sum: 1f7ef825c10f8ab2a66643e5302ca3ec
SHA1: 539177f5e64636fd2dbcbd6ad17a008ccd816ec8
SHA256: b0fe5e0b7ef4e072795ed8a7e9fe524ea1fb2665f952528d5d2705c814787fa3
Multi-Arch: foreign

Package: libaudit1
Architecture: armhf
Version: 1:2.4.5-1ubuntu2
Depends: libaudit-common (>= 1:2.4.5-1ubuntu2), libc6 (>= 2.8)
Filename: pool/main/a/audit/libaudit1_2.4.5-1ubuntu2_armhf.deb
MD5sum: 17ba4a94278442ff577509528251d54b
SHA1: 669591c426cc168f7613f7fb19cd75f3fbe77c22
SHA256: 09815d6ba28ae315a643ce789b68f5d52a944f894c75c41aaa86fef36e61ce63
Multi-Arch: same

Package: libblkid1
Architecture: armhf
Version: 2.27.1-6ubuntu3
Depends: libc6 (>= 2.17), libuuid1 (>= 2.16)
Filename: pool/main/u/util-linux/libblkid1_2.27.1-6ubuntu3_armhf.deb
MD5sum: 8d698db16b2259e384841fa28a1eba8a
SHA1: 4f5bbd00061d505619c1ec457430dbd06368ebb1
SHA256: f91c4a10731abdf346bb034fd8fc9747dfda9f63737d5e027fa364ed95cf26e3
Multi-Arch: same

Package: libbz2-1.0
Architecture: armhf
Version: 1.0.6-8
Depends: libc6 (>= 2.4)
Filename: pool/main/b/bzip2/libbz2-1.0_1.0.6-8_armhf.deb
MD5sum: 5ad73b78ef19a884c57bc585de7ad51d
SHA1: 50e210a299696ec6477c94108e58423e191f030f
SHA256: 1218a2213a281476d5e509700ed907d9ebaa0fedae1fba1bff7f4d4108d38e71
Multi-Arch: same

Package: libc-bin
Architecture: armhf
Version: 2.23-0ubuntu3
Depends: libc6 (>> 2.23), libc6 (<< 2.24)
Filename: pool/main/g/glibc/libc-bin_2.23-0ubuntu3_armhf.deb
MD5sum: ddc8cf82b67a61dac1df1d8815917ebe
SHA1: 940fdec61fc3c5c888404a7c5bbeb77768a0b15a
SHA256: d4b7aea3fb823ac4ba55252645836f7a2e9669e9fe023af971fdf31a72b03dd2
Multi-Arch: foreign

Package: libc6
Architecture: armhf
Version: 2.23-0ubuntu3
Provides: libc6-armhf
Depends: libgcc1
Breaks: hurd (<< 1:0.5.git20140203-1), libtirpc1 (<< 0.2.3), locales (<< 2.23), locales-all (<< 2.23), nscd (<< 2.23)
Filename: pool/main/g/glibc/libc6_2.23-0ubuntu3_armhf.deb
MD5sum: 4ba5df8944d66629ba01133d54651d6c
SHA1: 8349836e05324d08528bbbfd7eff22dcff1dab4a
SHA256: 5ff24aacaab8ac9e2627ab50146c034f69331973c4f7c2c3e1fa5578cf4d3f94
Multi-Arch: same

Package: libcap2
Architecture: armhf
Version: 1:2.24-12
Depends: libc6 (>= 2.8)
Filename: pool/main/libc/libcap2/libcap2_2.24-12_armhf.deb
MD5sum: 6509e53eefc3864bec2c1cc4638abab3
SHA1: 04f9bab221096490112d7cef12416fa67408b6cb
SHA256: 527cb846d6e505fac99177bd617c1bd2bbb52fae7e0f454fb9d68dae23b1abb1
Multi-Arch: same

Package: libcap2-bin
Architecture: armhf
Version: 1:2.24-12
Replaces: libcap-bin
Depends: libc6 (>= 2.4), libcap2 (>= 1:2.10)
Breaks: libcap-bin
Filename: pool/main/libc/libcap2/libcap2-bin_2.24-12_armhf.deb
MD5sum: a6d7854ef81a7b52f7f5718d32a32d8f
SHA1: 208ff3777e3f26de703730fbe3cfbb32962da5b1
SHA256: 115620fc509c0ec325bdb73b7b1d761eaf0a5962c5cd7724111c2a468994c13e
Multi-Arch: foreign

Package: libcomerr2
Architecture: armhf
Version: 1.42.13-1ubuntu1
Replaces: e2fsprogs (<< 1.34-1)
Provides: libcomerr-kth-compat
Depends: libc6 (>= 2.17)
Filename: pool/main/e/e2fsprogs/libcomerr2_1.42.13-1ubuntu1_armhf.deb
MD5sum: b846369acc26cd7020493f2683afb130
SHA1: 2eafefb16571ef966d72c8b223b74e1b4195fa47
SHA256: 65ed2f09fc4e281d425fc12f266f52a9e73d2ed2dc055432ad4c4fb12e7185c0
Multi-Arch: same

Package: libcryptsetup4
Architecture: armhf
Version: 2:1.6.6-5ubuntu2
Depends: libc6 (>= 2.17), libdevmapper1.02.1 (>= 2:1.02.99), libgcrypt20 (>= 1.6.1), libuuid1 (>= 2.16), libgpg-error0 (>= 1.10-0.1)
Filename: pool/main/c/cryptsetup/libcryptsetup4_1.6.6-5ubuntu2_armhf.deb
MD5sum: 5fb9ca778bf58c1e4a299d54057b0e08
SHA1: 2191047d065257b9033774fe6f559c16e5d4bc53
SHA256: 662d50fbd61f2c98cdcee1cdd1f8eb1ac5cca9e155ec77033445577d9c7c7218
Multi-Arch: same

Package: libdb5.3
Architecture: armhf
Version: 5.3.28-11
Depends: libc6 (>= 2.17)
Filename: pool/main/d/db5.3/libdb5.3_5.3.28-11_armhf.deb
MD5sum: 0fc46403e33604f16e7d17fb7a4809d4
SHA1: e13483e28e4f415694e2ad4c0bb1dcbdf42ffc44
SHA256: 64d861941aaf66d95d36c6dacdd674913296652a09a6ed9ce2911fbf5d8906dd
Multi-Arch: same

Package: libdebconfclient0
Architecture: armhf
Version: 0.198ubuntu1
Depends: libc6 (>= 2.4)
Filename: pool/main/c/cdebconf/libdebconfclient0_0.198ubuntu1_armhf.deb
MD5sum: fed74d6d4eebf0ff00e55ee0ccd870fe
SHA1: 9ccd6d040e98b6e249f48d82f1ff5589adb4a6e5
SHA256: a9416807cf208e188e74a4f392c847f4940c50e9cf3ea24aa86ab611a13379d8
Multi-Arch: same

Package: libdevmapper1.02.1
Architecture: armhf
Version: 2:1.02.110-1ubuntu10
Depends: libc6 (>= 2.22), libselinux1 (>= 1.32), libudev1 (>= 183)
Conflicts: libdevmapper1.02
Breaks: liblvm2app2.2 (<< 2.02.122), lvm2 (<< 2.02.122)
Filename: pool/main/l/lvm2/libdevmapper1.02.1_1.02.110-1ubuntu10_armhf.deb
MD5sum: 19afb3fd6301b0ea4739e0b522d7d118
SHA1: 81f15c187943f752938270dcc4d383807ef9bc39
SHA256: 98a66cae3a60e662bf6399bf995e3dda79bc5639e72ef1f108bcec61c9dcc1b1
Multi-Arch: same

Package: libfdisk1
Architecture: armhf
Version: 2.27.1-6ubuntu3
Depends: libblkid1 (>= 2.17.2), libc6 (>= 2.17), libuuid1 (>= 2.16)
Filename: pool/main/u/util-linux/libfdisk1_2.27.1-6ubuntu3_armhf.deb
MD5sum: 2885e6119159a9c47f62ce73565441c8
SHA1: cc4d84499f20af8a6e8ae5e9a49920d83b5a4767
SHA256: 23b0de2efeab5cf8756252771145a42f73072bc6cc788ba4715cfe4427078c09
Multi-Arch: same

Package: libgcc1
Architecture: armhf
Version: 1:6.0.1-0ubuntu1
Provides: libgcc1-armhf
Depends: gcc-6-base (= 6.0.1-0ubuntu1), libc6 (>= 2.4)
Breaks: gcc-4.3 (<< 4.3.6-1), gcc-4.4 (<< 4.4.6-4), gcc-4.5 (<< 4.5.3-2)
Filename: pool/main/g/gccgo-6/libgcc1_6.0.1-0ubuntu1_armhf.deb
MD5sum: 8a9b10aa995009972012e2a03b8e3d69
SHA1: a56810298fd66ab35dc303da408f37b4f405f821
SHA256: 01b0f7b51b694b2553c3f315f9aaa999722a4ecb3fa9387e31ed7361e9df5042
Multi-Arch: same

Package: libgcrypt20
Architecture: armhf
Version: 1.6.5-2
Depends: libc6 (>= 2.15), libgpg-error0 (>= 1.14)
Filename: pool/main/libg/libgcrypt20/libgcrypt20_1.6.5-2_armhf.deb
MD5sum: 09d5e6eebee9231ee842e520f8827c9d
SHA1: c9bec950f424a1f4c805492058471bef0e29c4d9
SHA256: a52819a55321d5b9b3a6700ae5120e14862de678ef20c018b7de5ea3c870480e
Multi-Arch: same

Package: libgpg-error0
Architecture: armhf
Version: 1.21-2ubuntu1
Depends: libc6 (>= 2.15)
Filename: pool/main/libg/libgpg-error/libgpg-error0_1.21-2ubuntu1_armhf.deb
MD5sum: e6fe2e5cfb7106596ab2e2b2928185be
SHA1: a83fadae9f6cc616fa6bec826a308c22906b5fa5
SHA256: 89635fcb4441afff924ee1fab6c679260617cd6769572911b7f510dba1f28aa5
Multi-Arch: same

Package: libkmod2
Architecture: armhf
Version: 22-1ubuntu4
Depends: libc6 (>= 2.17)
Filename: pool/main/k/kmod/libkmod2_22-1ubuntu4_armhf.deb
MD5sum: 775268a06b2d876ff00650384406defe
SHA1: 2a4fbef7b5cc16ba3b5488cd49bfd386327aa994
SHA256: 2a770c359f3d6cd6d57139084f3ea1be977c6e616e040dd3aa84d55ca408f8a7
Multi-Arch: same

Package: liblzma5
Architecture: armhf
Version: 5.1.1alpha+20120614-2ubuntu2
Depends: libc6 (>= 2.4)
Pre-Depends: multiarch-support
Filename: pool/main/x/xz-utils/liblzma5_5.1.1alpha+20120614-2ubuntu2_armhf.deb
MD5sum: 9bcb8f897c42c122214ba882f6d74e2a
SHA1: 7088edcb4d031f9ebbfd24f2fbbd179434bea99b
SHA256: fe5cfa8cc9d1e81db20988de5b6ac9de5ff0a0b1d7b2d294cbaab57220bdd053
Multi-Arch: same

Package: libmount1
Architecture: armhf
Version: 2.27.1-6ubuntu3
Depends: libblkid1 (>= 2.17.2), libc6 (>= 2.17), libselinux1 (>= 1.32)
Filename: pool/main/u/util-linux/libmount1_2.27.1-6ubuntu3_armhf.deb
MD5sum: 1febee59992832b57c48b1456b4b199a
SHA1: 05853f1eef7fc386b3efba9a50747785314f3b28
SHA256: 59b667699414e67482c859272d32b3dec55e2bfeeb3665157b49d62d83bf6b4e
Multi-Arch: same

Package: libncurses5
Architecture: armhf
Version: 6.0+20160213-1ubuntu1
Depends: libtinfo5 (= 6.0+20160213-1ubuntu1), libc6 (>= 2.4)
Filename: pool/main/n/ncurses/libncurses5_6.0+20160213-1ubuntu1_armhf.deb
MD5sum: fa76227b6cdc9f5fd8ca952933e1ed53
SHA1: 0d7eb241c8c5e0c5137e70cc0bf5ea512e0bf282
SHA256: 7f37d7bfe2896dca1eed098277fb582df307e413892fb1c842b722e1769f0aee
Multi-Arch: same

Package: libncursesw5
Architecture: armhf
Version: 6.0+20160213-1ubuntu1
Depends: libtinfo5 (= 6.0+20160213-1ubuntu1), libc6 (>= 2.4)
Filename: pool/main/n/ncurses/libncursesw5_6.0+20160213-1ubuntu1_armhf.deb
MD5sum: 502ec1093127f00015061bc9f3551afc
SHA1: c34b597b2ff7404f2017d07604e443c19cd5a6e1
SHA256: 08efec1b50a9dfb461f865999d691b15ccab555887ed959e37de2c4726ba74f9
Multi-Arch: same

Package: libpam-modules
Architecture: armhf
Version: 1.1.8-3.2ubuntu2
Replaces: libpam-umask, libpam0g-util
Provides: libpam-mkhomedir, libpam-motd, libpam-umask
Pre-Depends: libaudit1 (>= 1:2.2.1), libc6 (>= 2.15), libdb5.3, libpam0g (>= 1.1.3-2), libselinux1 (>= 2.1.9), debconf (>= 0.5) | debconf-2.0, libpam-modules-bin (= 1.1.8-3.2ubuntu2)
Conflicts: libpam-mkhomedir, libpam-motd, libpam-umask
Filename: pool/main/p/pam/libpam-modules_1.1.8-3.2ubuntu2_armhf.deb
MD5sum: dd8b6f08a4725608826d7d1f7faf11df
SHA1: b62134a4ddb7e2b2395c8dd06939e407cbf3fd5f
SHA256: 43deb832e157f14b5bb1027babccd1ad3db5b24783325cd451a1a8c7d5d94f3c
Multi-Arch: same

Package: libpam-modules-bin
Architecture: armhf
Version: 1.1.8-3.2ubuntu2
Replaces: libpam-modules (<< 1.1.3-8)
Depends: libaudit1 (>= 1:2.2.1), libc6 (>= 2.4), libpam0g (>= 0.99.7.1), libselinux1 (>= 1.32)
Filename: pool/main/p/pam/libpam-modules-bin_1.1.8-3.2ubuntu2_armhf.deb
MD5sum: 3703bdd8d10b8d662e3c2188e117d9f9
SHA1: e340ddb62b6b5ee1db459fcb41c105888f9a463b
SHA256: 556110f8518321a11dc0d66984c495d9f000239fb81a584b97c7105cc883c835
Multi-Arch: foreign

Package: libpam-runtime
Architecture: all
Version: 1.1.8-3.2ubuntu2
Replaces: libpam0g-dev, libpam0g-util
Depends: debconf (>= 0.5) | debconf-2.0, debconf (>= 1.5.19) | cdebconf, libpam-modules (>= 1.0.1-6)
Conflicts: libpam0g-util
Filename: pool/main/p/pam/libpam-runtime_1.1.8-3.2ubuntu2_all.deb
MD5sum: c3e36ce9cb28bd72f2536f6138544ae4
SHA1: c44ba640e948405e1f3ef0d510eca22ea8d1ff11
SHA256: 60ce562eb0ff783ba5deb26459ad721039d5d69bcf09d30f3dd34ec3e49639e0
Multi-Arch: foreign

Package: libpam0g
Architecture: armhf
Version: 1.1.8-3.2ubuntu2
Replaces: libpam0g-util
Depends: libaudit1 (>= 1:2.2.1), libc6 (>= 2.8), debconf (>= 0.5) | debconf-2.0
Filename: pool/main/p/pam/libpam0g_1.1.8-3.2ubuntu2_armhf.deb
MD5sum: 0f045d6ff8fe9bc47710356568a2e73a
SHA1: 77aec8be7eda141fec1deca317be4f24c637d9f5
SHA256: f4747df41f022fb572e8e50ce1b92691ebfadbcaa79d07a2e019b1b2e4140c11
Multi-Arch: same

Package: libpcre3
Architecture: armhf
Version: 2:8.38-3.1
Depends: libc6 (>= 2.4)
Pre-Depends: multiarch-support
Conflicts: libpcre3-dev (<= 4.3-3)
Breaks: approx (<< 4.4-1~), cduce (<< 0.5.3-2~), cmigrep (<< 1.5-7~), galax (<< 1.1-7~), libpcre-ocaml (<< 6.0.1~), liquidsoap (<< 0.9.2-3~), ocsigen (<< 1.3.3-1~)
Filename: pool/main/p/pcre3/libpcre3_8.38-3.1_armhf.deb
MD5sum: 92747b9036b82a604d3a1502a99db79b
SHA1: 43294ec30ff6228d30c0784cba8507415fc81fc9
SHA256: d858a4d9e2485938f6ec5b295bfcae36651f5867a237525fdb698adc75d9a937
Multi-Arch: same

Package: libprocps4
Architecture: armhf
Version: 2:3.3.10-4ubuntu2
Replaces: procps (<< 1:3.3.2-1)
Depends: libc6 (>= 2.4), libsystemd0
Filename: pool/main/p/procps/libprocps4_3.3.10-4ubuntu2_armhf.deb
MD5sum: 131fd8da1a3148f167d3655bac420068
SHA1: 1223c0ff574321e2bcf69b8a456d28a7b1be2ce9
SHA256: bf5210303434d7eafdcdb3cac8a4e2990a010cb2c0959bf7da5502a4aa0bbcd8
Multi-Arch: same

Package: libseccomp2
Architecture: armhf
Version: 2.2.3-3ubuntu3
Depends: libc6 (>= 2.4)
Filename: pool/main/libs/libseccomp/libseccomp2_2.2.3-3ubuntu3_armhf.deb
MD5sum: c0f1a32e3cb3c5fa02a050d7be943a3e
SHA1: c73ec2e6d7c9477abcbd7cddd7ff071adb0f0ed0
SHA256: d012a8184b1a77ef3f04bc5e49cbac41fe97160b5c8f5933d89ef8f2c442080f
Multi-Arch: same

Package: libselinux1
Architecture: armhf
Version: 2.4-3build2
Depends: libc6 (>= 2.8), libpcre3
Filename: pool/main/libs/libselinux/libselinux1_2.4-3build2_armhf.deb
MD5sum: 77eca8e23a67e7c10eee539db5337e33
SHA1: c13d3fc4127945324db95a91c8b981275278fc6e
SHA256: 001cac0d492e9c0b04b1740ac3ca5e42f4dc53e536932b08af97f1c6cf5135bb
Multi-Arch: same

Package: libsemanage-common
Architecture: all
Version: 2.3-1build3
Replaces: libsemanage1 (<= 2.0.41-1), libsemanage1-dev (<< 2.1.6-3~)
Breaks: libsemanage1 (<= 2.0.41-1), libsemanage1-dev (<< 2.1.6-3~)
Filename: pool/main/libs/libsemanage/libsemanage-common_2.3-1build3_all.deb
MD5sum: 5184f579b2784a1cc7392d1c61b0e8c9
SHA1: 0805d76e1dfd9a3279ce95da737d76e911c5b439
SHA256: f981322182e6215c8a4ad3c372a830d868959246cc060b0be30e246f68e01589
Multi-Arch: foreign

Package: libsemanage1
Architecture: armhf
Version: 2.3-1build3
Depends: libsemanage-common (= 2.3-1build3), libaudit1 (>= 1:2.2.1), libbz2-1.0, libc6 (>= 2.8), libselinux1 (>= 2.1.12), libsepol1 (>= 2.1.4), libustr-1.0-1 (>= 1.0.4)
Filename: pool/main/libs/libsemanage/libsemanage1_2.3-1build3_armhf.deb
MD5sum: d83268980c70431d963d5923252372e6
SHA1: 68a0c4ae442653d473c3d82fdc9a60e40d6168d5
SHA256: ce38b867a3be116c96b57a41fcd5835e071f6a7fc6669211c11132e781e2528a
Multi-Arch: same

Package: libsepol1
Architecture: armhf
Version: 2.4-2
Depends: libc6 (>= 2.4)
Filename: pool/main/libs/libsepol/libsepol1_2.4-2_armhf.deb
MD5sum: c171f5fe59320ac0d2efad3c75d451e6
SHA1: 0116416fcbcdde63d6854e61d40689ca92312f25
SHA256: 3ade736c52d9d5bc983980da3f5349caeb18d05e115748523f38e769a4c584a3
Multi-Arch: same

Package: libsmartcols1
Architecture: armhf
Version: 2.27.1-6ubuntu3
Depends: libc6 (>= 2.17)
Filename: pool/main/u/util-linux/libsmartcols1_2.27.1-6ubuntu3_armhf.deb
MD5sum: 99e37173351227e0d1a3a150722f6758
SHA1: 5b3de9d1495204f206307f1377e8c6454013b3f6
SHA256: d07c31f0e794cfe0d9532eb646be70a0877fdd3dd49c16990f97efd71d4330fe
Multi-Arch: same

Package: libss2
Architecture: armhf
Version: 1.42.13-1ubuntu1
Replaces: e2fsprogs (<< 1.34-1)
Depends: libcomerr2, libc6 (>= 2.17)
Filename: pool/main/e/e2fsprogs/libss2_1.42.13-1ubuntu1_armhf.deb
MD5sum: 0f7fdd31769807f4926c680dcaa965b3
SHA1: 17cb534eea2a8fc5c22d517ddb19b46dad77629d
SHA256: 75758701da75539452c2a7e3d638b8c617af07c24aced89eb0198a2efd22f884
Multi-Arch: same

Package: libsystemd0
Architecture: armhf
Version: 229-4ubuntu4
Pre-Depends: libc6 (>= 2.17), libgcc1 (>= 1:3.5), libgcrypt20 (>= 1.6.1), liblzma5 (>= 5.1.1alpha+20120614), libselinux1 (>= 1.32)
Filename: pool/main/s/systemd/libsystemd0_229-4ubuntu4_armhf.deb
MD5sum: 0d4ba2471b659a2eed583f6ae8bb0938
SHA1: 117f509de35c1ebdf8f96e17aeb5fefb30e5706f
SHA256: 73e57567674ec311cd02aa3157c4ba8f3f1e50deac28823ca998de7109ba4783
Multi-Arch: same

Package: libtinfo5
Architecture: armhf
Version: 6.0+20160213-1ubuntu1
Replaces: libncurses5 (<< 5.9-3)
Depends: libc6 (>= 2.16)
Breaks: dialog (<< 1.2-20130523)
Filename: pool/main/n/ncurses/libtinfo5_6.0+20160213-1ubuntu1_armhf.deb
MD5sum: ba9824c61fc8077f79ce6a5d4abb69d2
SHA1: be4270bece9240d45df8106d198b39c14e477f16
SHA256: 20e8955ab06596f907c9343df1c4c3f77377962247c8184ce2c8f341b4fd87ae
Multi-Arch: same

Package: libudev1
Architecture: armhf
Version: 229-4ubuntu4
Depends: libc6 (>= 2.16), libgcc1 (>= 1:3.5)
Filename: pool/main/s/systemd/libudev1_229-4ubuntu4_armhf.deb
MD5sum: fd536cd001b38c4de290c4db87856cd3
SHA1: 52846970a7f742baec18a78f8e77a138d9d6b74d
SHA256: 248c8240fd19b43502ba03dd26bf32180a5a2381bea732d9cc603e7e37c5fd0d
Multi-Arch: same

Package: libustr-1.0-1
Architecture: armhf
Version: 1.0.4-5
Depends: libc6 (>= 2.4)
Filename: pool/main/u/ustr/libustr-1.0-1_1.0.4-5_armhf.deb
MD5sum: 3df545f6649932a48d2dbcdf6f1b66a7
SHA1: bbbcb99d1d9600d675c282f26c57f12aedc91b3e
SHA256: d282c5e8c302bd6f43b7e3f55f2b8580b66d15505aca7474c73f5b6deaf224e5
Multi-Arch: same

Package: libuuid1
Architecture: armhf
Version: 2.27.1-6ubuntu3
Replaces: e2fsprogs (<< 1.34-1)
Depends: passwd, libc6 (>= 2.4)
Filename: pool/main/u/util-linux/libuuid1_2.27.1-6ubuntu3_armhf.deb
MD5sum: c2aa3605b4af0dc50d19306bc5ef4f6a
SHA1: 8830914577f889f1ac23b3c33e5229c10e6cf16f
SHA256: 755712db15171fb8ad47c8892db6d89ee5a99398598c4c85ffa86403b8eee545
Multi-Arch: same

Package: locales
Architecture: all
Version: 2.23-0ubuntu3
Replaces: libc-bin (<< 2.23), manpages-fr-extra (<< 20141022)
Depends: libc-bin (>> 2.23), debconf (>= 0.5) | debconf-2.0
Breaks: libc-bin (<< 2.23)
Filename: pool/main/g/glibc/locales_2.23-0ubuntu3_all.deb
MD5sum: 7aaa2a055a345ba0b65467a0dbda9bd1
SHA1: eb334b58e4a9f957500fe4f76156899e1779c572
SHA256: eafd6ddb293b315f53029d1d554e471f71db54de9ae7995b8de67fecd2b3834d

Package: login
Architecture: armhf
Version: 1:4.2-3.1ubuntu5
Replaces: manpages-de (<< 0.5-3), manpages-tr (<< 1.0.5), manpages-zh (<< 1.5.1-1)
Pre-Depends: libaudit1 (>= 1:2.2.1), libc6 (>= 2.7), libpam0g (>= 0.99.7.1), libpam-runtime, libpam-modules (>= 1.1.8-1)
Conflicts: amavisd-new (<< 2.3.3-8), backupninja (<< 0.9.3-5), echolot (<< 2.1.8-4), gnunet (<< 0.7.0c-2), python-4suite (<< 0.99cvs20060405-1)
Filename: pool/main/s/shadow/login_4.2-3.1ubuntu5_armhf.deb
MD5sum: c7c2c08d76a1c60e0790a670ba814a46
SHA1: 8c0a676ae1b0e9a535847769d8194a65a8e29578
SHA256: 3c8e801f47c01349f7e2a7e918578e5a0cdd94175c2ec3f196d18dca4bc32612

Package: lsb-base
Architecture: all
Version: 9.20160110
Replaces: upstart (<< 1.12.1-0ubuntu8)
Breaks: upstart (<< 1.12.1-0ubuntu8)
Filename: pool/main/l/lsb/lsb-base_9.20160110_all.deb
MD5sum: f3dccb09af5b210210c87587df01b60e
SHA1: 2f20dd95d2a64d031a1848eb4073fe9692361ac1
SHA256: 7f3ada15a0793e254d670b8fa8afebd971aa417cd4ee3d895972a314a222551b
Multi-Arch: foreign

Package: makedev
Architecture: all
Version: 2.3.1-93ubuntu1
Depends: base-passwd (>= 3.0.4)
Conflicts: udev (<= 0.024-7)
Filename: pool/main/m/makedev/makedev_2.3.1-93ubuntu1_all.deb
MD5sum: 979d22fe4dece008741c019c2c4784ea
SHA1: 1bd76ac552f7572b9ff945e17b06dcb8fc293172
SHA256: b8120a3442ee14db32a4d33a2d0c370809bbf9ee6f2164dd08bc19feddec1293
Multi-Arch: foreign

Package: mawk
Architecture: armhf
Version: 1.3.3-17ubuntu2
Provides: awk
Pre-Depends: libc6 (>= 2.11)
Filename: pool/main/m/mawk/mawk_1.3.3-17ubuntu2_armhf.deb
MD5sum: 20a568d729aa92e3cd12c593b577de29
SHA1: 91d82ed717bb6a4543bdac547357a3c5fa8e8c38
SHA256: d0edba9f11c08e8fbc452052a7685a21879e5c62ca7841a645c9453c5b94dbb8
Multi-Arch: foreign

Package: mount
Architecture: armhf
Version: 2.27.1-6ubuntu3
Pre-Depends: libblkid1 (>= 2.17.2), libc6 (>= 2.17), libmount1 (>= 2.25), libsmartcols1 (>= 2.27~rc1), libudev1 (>= 183)
Filename: pool/main/u/util-linux/mount_2.27.1-6ubuntu3_armhf.deb
MD5sum: fdfa0ab0f18cf3b7f31b88d6dc9db20d
SHA1: e03489669d1ab668a9f43d55ea335bda5311a2d0
SHA256: 1dd81d691ea2b355bc9e0d0ffa2171fafa9722adc41c610bcdfd77a7d5983b4e
Multi-Arch: foreign

Package: multiarch-support
Architecture: armhf
Version: 2.23-0ubuntu3
Depends: libc6 (>= 2.13-5)
Filename: pool/main/g/glibc/multiarch-support_2.23-0ubuntu3_armhf.deb
MD5sum: 69b53934bcc5d5aa1e9334ab64ed944b
SHA1: ec458955d632e973ad59bf1aa7f8e23f75f87666
SHA256: 451d15f2009254f48d7a4f48c1d0ff6b86d5b6b5e20263115ccf84398793f179
Multi-Arch: foreign

Package: ncurses-base
Architecture: all
Version: 6.0+20160213-1ubuntu1
Provides: ncurses-runtime
Breaks: ncurses-term (<< 5.7+20100313-3)
Filename: pool/main/n/ncurses/ncurses-base_6.0+20160213-1ubuntu1_all.deb
MD5sum: 741fdd0a709bf75c99ca4388f9c2205c
SHA1: 0334cd326e36ec372c8306cd9ed8685d619e189e
SHA256: 7e391954e99353a2d2ac351bd8e1736dccaa39453c35fd6f9f1f2a3413b6c9b9
Multi-Arch: foreign

Package: ncurses-bin
Architecture: armhf
Version: 6.0+20160213-1ubuntu1
Pre-Depends: libc6 (>= 2.4), libtinfo5 (>= 6.0+20151017), libtinfo5 (<< 6.1~)
Filename: pool/main/n/ncurses/ncurses-bin_6.0+20160213-1ubuntu1_armhf.deb
MD5sum: 07e4188e9e118333bfe178c678222819
SHA1: 9eb29bd57453ab36fc95383fe4af9c6921aabedc
SHA256: 25daba3ab3b9bdbc7cc3c06965d59e8cf8479bfedbe3cec0d9c4902abbea453d
Multi-Arch: foreign

Package: passwd
Architecture: armhf
Version: 1:4.2-3.1ubuntu5
Replaces: manpages-tr (<< 1.0.5), manpages-zh (<< 1.5.1-1)
Depends: libaudit1 (>= 1:2.2.1), libc6 (>= 2.8), libpam0g (>= 0.99.7.1), libselinux1 (>= 1.32), libsemanage1 (>= 2.0.3), lsb-base (>= 4.1+Debian11ubuntu7), libpam-modules, debianutils (>= 2.15.2)
Filename: pool/main/s/shadow/passwd_4.2-3.1ubuntu5_armhf.deb
MD5sum: 6e14eebdf71f0fd9ce95c6f49386c7e7
SHA1: b60e8a96a1ef739ff7716166a1d28f7304329eaa
SHA256: 8b2bc949e7cf00cf6f6fef9d21ca85ae13c1c0987086fd9134a16991bb0636a0
Multi-Arch: foreign

Package: perl-base
Architecture: armhf
Version: 5.22.1-9
Replaces: libfile-path-perl (<< 2.09), libfile-temp-perl (<< 0.2304), libio-socket-ip-perl (<< 0.37), libscalar-list-utils-perl (<< 1:1.41), libsocket-perl (<< 2.018), libxsloader-perl (<< 0.20), perl (<< 5.10.1-12), perl-modules (<< 5.20.1-3)
Provides: libfile-path-perl, libfile-temp-perl, libio-socket-ip-perl, libscalar-list-utils-perl, libsocket-perl, libxsloader-perl, perlapi-5.22.1
Pre-Depends: libc6 (>= 2.11), dpkg (>= 1.17.17)
Conflicts: defoma (<< 0.11.12), doc-base (<< 0.10.3), mono-gac (<< 2.10.8.1-3), safe-rm (<< 0.8), update-inetd (<< 4.41)
Breaks: autoconf2.13 (<< 2.13-45), backuppc (<< 3.3.1-2), libalien-wxwidgets-perl (<< 0.65+dfsg-2), libanyevent-perl (<< 7.070-2), libcommon-sense-perl (<< 3.72-2~), libfile-path-perl (<< 2.09), libfile-spec-perl (<< 3.5600), libfile-temp-perl (<< 0.2304), libgtk2-perl-doc (<< 2:1.2491-4), libio-socket-ip-perl (<< 0.37), libjcode-perl (<< 2.13-3), libmarc-charset-perl (<< 1.2), libsbuild-perl (<< 0.67.0-1), libscalar-list-utils-perl (<< 1:1.41), libsocket-perl (<< 2.018), libxsloader-perl (<< 0.20), mailagent (<< 1:3.1-81-2), pdl (<< 1:2.007-4), perl (<< 5.22.1~), perl-modules (<< 5.22.1~)
Filename: pool/main/p/perl/perl-base_5.22.1-9_armhf.deb
MD5sum: a2d1f6fa052f374ce725917cf214589e
SHA1: e005aeab1af68ce42758955847aa9a0c1047c4a4
SHA256: 8e743b07716f7a642ad6041ec8c886336e574051f9bd0088b4386409076a1e36

Package: procps
Architecture: armhf
Version: 2:3.3.10-4ubuntu2
Provides: watch
Depends: libc6 (>= 2.15), libncurses5 (>= 6), libncursesw5 (>= 6), libprocps4, libtinfo5 (>= 6), lsb-base (>= 4.1+Debian11ubuntu7), initscripts
Conflicts: pgrep (<< 3.3-5), w-bassman (<< 1.0-3)
Breaks: guymager (<= 0.5.9-1), open-vm-tools (<= 2011.12.20-562307-1), xmem (<= 1.20-27.1)
Filename: pool/main/p/procps/procps_3.3.10-4ubuntu2_armhf.deb
MD5sum: 945d4ec140eb38b07a635c9746804c8b
SHA1: 8f4de77640182bb2242de0989fee143ee5eed7a4
SHA256: 635ed1b2690fdcc7f5a85bc60046043a75be6ff58556976a3955b3a876e46107
Multi-Arch: foreign

Package: sed
Architecture: armhf
Version: 4.2.2-7
Depends: dpkg (>= 1.15.4) | install-info
Pre-Depends: libc6 (>= 2.7), libselinux1 (>= 1.32)
Filename: pool/main/s/sed/sed_4.2.2-7_armhf.deb
MD5sum: 1bc718c314e866e5b8b000d2aaaeca67
SHA1: 34aa46163db72f8ffece8624e98fff9781118a00
SHA256: a499eb716f118b9ad9c7289d6701724cafa878695f7af574eab8339cb6709a83
Multi-Arch: foreign

Package: sensible-utils
Architecture: all
Version: 0.0.9
Replaces: debianutils (<= 2.32.3), manpages-pl (<= 20060617-3~)
Filename: pool/main/s/sensible-utils/sensible-utils_0.0.9_all.deb
MD5sum: 18f69bbed048d2d39f7a13c26a949ccf
SHA1: d8383323633d56d6d25a058cb4711ab3057502e4
SHA256: de75c4690051dfb43c8faa8f37afe276f78d41dc89d9258fa080e6a7a450c826
Multi-Arch: foreign

Package: systemd
Architecture: armhf
Version: 229-4ubuntu4
Replaces: systemd-services, udev (<< 228-5)
Provides: systemd-services
Depends: libacl1 (>= 2.2.51-8), libapparmor1 (>= 2.9.0-3+exp2), libaudit1 (>= 1:2.2.1), libblkid1 (>= 2.19.1), libcap2 (>= 1:2.10), libcryptsetup4 (>= 2:1.4.3), libgpg-error0 (>= 1.14), libkmod2 (>= 5~), libmount1 (>= 2.26.2), libpam0g (>= 0.99.7.1), libseccomp2 (>= 2.1.0), libselinux1 (>= 2.1.9), libsystemd0 (= 229-4ubuntu4), util-linux (>= 2.27.1), mount (>= 2.26), adduser, libcap2-bin
Pre-Depends: libc6 (>= 2.17), libgcc1 (>= 1:3.5), libgcrypt20 (>= 1.6.1), liblzma5 (>= 5.1.1alpha+20120614), libselinux1 (>= 1.32)
Conflicts: klogd, systemd-services
Breaks: apparmor (<< 2.9.2-1), ifupdown (<< 0.8.5~), lsb-base (<< 4.1+Debian4), lvm2 (<< 2.02.104-1), systemd-shim (<< 8-2), udev (<< 228-5)
Filename: pool/main/s/systemd/systemd_229-4ubuntu4_armhf.deb
MD5sum: b64b6c152433934f5e7de6d725031740
SHA1: f8163eeb62345bd51994f6f63a96e35d6d3efadc
SHA256: cf886527389369ec1f4df0a1109a603461397478ac42e10f7c1ba184eda96e7e
Multi-Arch: foreign

Package: systemd-sysv
Architecture: armhf
Version: 229-4ubuntu4
Replaces: sysvinit (<< 2.88dsf-44~), sysvinit-core, upstart (<< 1.13.2-0ubuntu10~), upstart-sysv
Pre-Depends: systemd
Conflicts: file-rc, openrc, sysvinit-core, upstart (<< 1.13.2-0ubuntu10~), upstart-sysv
Filename: pool/main/s/systemd/systemd-sysv_229-4ubuntu4_armhf.deb
MD5sum: e48b9f7bd3c728cca39f7f4c147aa9e7
SHA1: 0a684e5053cd3875fd263e403bb3f46648f6352e
SHA256: 0738b2f24a91db4eba67280f99daf11b8ce2e76475592296902d46e79de84af8
Multi-Arch: foreign

Package: sysv-rc
Architecture: all
Version: 2.88dsf-59.3ubuntu2
Depends: debconf (>= 0.5) | debconf-2.0, sysvinit-utils (>= 2.86.ds1-62), insserv (>> 1.12.0-10)
Pre-Depends: init-system-helpers (>= 1.25~)
Breaks: initscripts (<< 2.86.ds1-63), systemd (<< 215)
Filename: pool/main/s/sysvinit/sysv-rc_2.88dsf-59.3ubuntu2_all.deb
MD5sum: 21684a8162a0dc9279456e061434c6d7
SHA1: e7e80167f6b23a7d9ea1b4d37683f339052f688d
SHA256: e77cbe5bb5dfec2ac1c214fc2fd8cce6d30d50fc3302ce69773c46c5d9e43997
Multi-Arch: foreign

Package: sysvinit-utils
Architecture: armhf
Version: 2.88dsf-59.3ubuntu2
Replaces: last, sysvinit (<= 2.86.ds1-65)
Depends: libc6 (>= 2.4), init-system-helpers (>= 1.25~)
Conflicts: chkconfig (<< 11.0-79.1-2), last, startpar (<< 0.58-2), sysvconfig
Breaks: systemd (<< 215), upstart (<< 1.5-0ubuntu5), util-linux (<< 2.26.2-3)
Filename: pool/main/s/sysvinit/sysvinit-utils_2.88dsf-59.3ubuntu2_armhf.deb
MD5sum: 1f051ecf95a9426e286bba8d26e8ec7c
SHA1: cecdb39cea4d4e092db25b0f3bf4978752f1cd09
SHA256: 93dc858ddbe1712de6e946f16664cf7cd5f80a17806093e1c7ebb2caee8ec978
Multi-Arch: foreign

Package: tar
Architecture: armhf
Version: 1.28-2.1
Replaces: cpio (<< 2.4.2-39)
Pre-Depends: libacl1 (>= 2.2.51-8), libc6 (>= 2.17), libselinux1 (>= 1.32)
Conflicts: cpio (<= 2.4.2-38)
Breaks: dpkg-dev (<< 1.14.26)
Filename: pool/main/t/tar/tar_1.28-2.1_armhf.deb
MD5sum: 0b6843f4e1c8bb3d13156e7a64c503f6
SHA1: f1166cf04327256e30043b8f472c6e311bc72fca
SHA256: a5ff2d27f2562e51d043b1b01d91915e350f94cb62bad2faaad3c4d4bfbc3c95
Multi-Arch: foreign

Package: tzdata
Architecture: all
Version: 2016d-0ubuntu0.16.04
Replaces: libc0.1, libc0.3, libc6, libc6.1
Provides: tzdata-stretch
Depends: debconf (>= 0.5) | debconf-2.0
Filename: pool/main/t/tzdata/tzdata_2016d-0ubuntu0.16.04_all.deb
MD5sum: 9cb16825b48431444a3f8e4416261ba5
SHA1: 8ed97e25a0a5f53941be0059f6ee014bb28e4e32
SHA256: 93379d5a0b92f89b7c806f81f73ff6cfe9cfb6b6eb45294732d6fe8a4799dca8
Multi-Arch: foreign

Package: util-linux
Architecture: armhf
Version: 2.27.1-6ubuntu3
Replaces: bash-completion (<< 1:2.1-4.1~), initscripts (<< 2.88dsf-59.2~), mount (= 2.26.2-3), mount (= 2.26.2-3ubuntu1), sysvinit-utils (<< 2.88dsf-59.1~)
Depends: lsb-base (>= 4.1+Debian11ubuntu7), sysvinit-utils (>= 2.88dsf-59.1~)
Pre-Depends: libblkid1 (>= 2.25), libc6 (>= 2.15), libfdisk1 (>= 2.27~rc1), libmount1 (>= 2.25), libncursesw5 (>= 6), libpam0g (>= 0.99.7.1), libselinux1 (>= 1.32), libsmartcols1 (>= 2.27~rc1), libsystemd0, libtinfo5 (>= 6), libudev1 (>= 183), libuuid1 (>= 2.16), zlib1g (>= 1:1.1.4)
Breaks: bash-completion (<< 1:2.1-4.1~), cloud-guest-utils (<< 0.27-0ubuntu16), grml-debootstrap (<< 0.68), mac-fdisk (<< 0.1-16ubuntu3), mount (= 2.26.2-3), mount (= 2.26.2-3ubuntu1), pmac-fdisk (<< 0.1-16ubuntu3)
Filename: pool/main/u/util-linux/util-linux_2.27.1-6ubuntu3_armhf.deb
MD5sum: 34e38db91779bc1cba4d981495c8c66f
SHA1: 72728d75988ac31a45ad6b740401b7d5b8056db9
SHA256: 60d2d18f13c8bc9913df85205c01a47ea79a034e52766dc7e1764cbc0143adf1
Multi-Arch: foreign

Package: zlib1g
Architecture: armhf
Version: 1:1.2.8.dfsg-2ubuntu4
Provides: libz1
Depends: libc6 (>= 2.4)
Conflicts: zlib1 (<= 1:1.0.4-7)
Breaks: libxml2 (<< 2.7.6.dfsg-2), texlive-binaries (<< 2009-12)
Filename: pool/main/z/zlib/zlib1g_1.2.8.dfsg-2ubuntu4_armhf.deb
MD5sum: 5d2bcb07a0adaac8a52d2a79296256eb
SHA1: e1dd3dc7adaa13ce51131cb71f079971de0a3d21
SHA256: 98f23ecbd414a2a513f8ca479d92b541dd3dddb14b40307ff2cc40a6c55ac565
Multi-Arch: same

